<?xml version="1.0" encoding="utf-8"?>
<Project ToolsVersion="4.0" xmlns="http://schemas.microsoft.com/developer/msbuild/2003">
  <ItemGroup>
    <Filter Include="Source Files">
      <UniqueIdentifier>{4FC737F1-C7A5-4376-A066-2A32D752A2FF}</UniqueIdentifier>
      <Extensions>cpp;c;cc;cxx;def;odl;idl;hpj;bat;asm;asmx</Extensions>
    </Filter>
    <Filter Include="Header Files">
      <UniqueIdentifier>{93995380-89BD-4b04-88EB-625FBE52EBFB}</UniqueIdentifier>
      <Extensions>h;hh;hpp;hxx;hm;inl;inc;xsd</Extensions>
    </Filter>
    <Filter Include="Resource Files">
      <UniqueIdentifier>{67DA6AB6-F800-4c08-8B7A-83BB121AAD01}</UniqueIdentifier>
      <Extensions>rc;ico;cur;bmp;dlg;rc2;rct;bin;rgs;gif;jpg;jpeg;jpe;resx;tiff;tif;png;wav;mfcribbon-ms</Extensions>
    </Filter>
  </ItemGroup>
  <ItemGroup>
    <None Include="fochica-arduino.ino" />
  </ItemGroup>
  <ItemGroup>
    <ClInclude Include="__vm\.fochica-arduino.vsarduino.h">
      <Filter>Header Files</Filter>
    </ClInclude>
    <ClInclude Include="Manager.h">
      <Filter>Header Files</Filter>
    </ClInclude>
    <ClInclude Include="DebugStream.h">
      <Filter>Header Files</Filter>
    </ClInclude>
    <ClInclude Include="ISensor.h">
      <Filter>Header Files</Filter>
    </ClInclude>
    <ClInclude Include="SensorFreeRAM.h">
      <Filter>Header Files</Filter>
    </ClInclude>
    <ClInclude Include="SensorVcc.h">
      <Filter>Header Files</Filter>
    </ClInclude>
    <ClInclude Include="SensorVoltage.h">
      <Filter>Header Files</Filter>
    </ClInclude>
    <ClInclude Include="SoundManager.h">
      <Filter>Header Files</Filter>
    </ClInclude>
    <ClInclude Include="SensorQtouch.h">
      <Filter>Header Files</Filter>
    </ClInclude>
    <ClInclude Include="IClient.h">
      <Filter>Header Files</Filter>
    </ClInclude>
    <ClInclude Include="PacketTime.h">
      <Filter>Header Files</Filter>
    </ClInclude>
    <ClInclude Include="GenericBLEModuleClient.h">
      <Filter>Header Files</Filter>
    </ClInclude>
    <ClInclude Include="IServer.h">
      <Filter>Header Files</Filter>
    </ClInclude>
    <ClInclude Include="IClientDevice.h">
      <Filter>Header Files</Filter>
    </ClInclude>
    <ClInclude Include="PacketHeader.h">
      <Filter>Header Files</Filter>
    </ClInclude>
    <ClInclude Include="PacketTechnicalData.h">
      <Filter>Header Files</Filter>
    </ClInclude>
    <ClInclude Include="Packet.h">
      <Filter>Header Files</Filter>
    </ClInclude>
    <ClInclude Include="PacketSensorData.h">
      <Filter>Header Files</Filter>
    </ClInclude>
    <ClInclude Include="SensorDigital.h">
      <Filter>Header Files</Filter>
    </ClInclude>
    <ClInclude Include="IRTC.h">
      <Filter>Header Files</Filter>
    </ClInclude>
    <ClInclude Include="RTCImpl_DS1307.h">
      <Filter>Header Files</Filter>
    </ClInclude>
    <ClInclude Include="ClientManager.h">
      <Filter>Header Files</Filter>
    </ClInclude>
    <ClInclude Include="SensorManager.h">
      <Filter>Header Files</Filter>
    </ClInclude>
    <ClInclude Include="PacketLogicalData.h">
      <Filter>Header Files</Filter>
    </ClInclude>
    <ClInclude Include="PacketCalibrationParams.h">
      <Filter>Header Files</Filter>
    </ClInclude>
    <ClInclude Include="PacketSeatOperation.h">
      <Filter>Header Files</Filter>
    </ClInclude>
    <ClInclude Include="SeatOperation.h">
      <Filter>Header Files</Filter>
    </ClInclude>
    <ClInclude Include="PacketType.h">
      <Filter>Header Files</Filter>
    </ClInclude>
    <ClInclude Include="TechnicalManager.h">
      <Filter>Header Files</Filter>
    </ClInclude>
    <ClInclude Include="CalibratedSensor.h">
      <Filter>Header Files</Filter>
    </ClInclude>
    <ClInclude Include="CalibratedSensorTester.h">
      <Filter>Header Files</Filter>
    </ClInclude>
    <ClInclude Include="SensorMock.h">
      <Filter>Header Files</Filter>
    </ClInclude>
    <ClInclude Include="RNGUtils.h">
      <Filter>Header Files</Filter>
    </ClInclude>
    <ClInclude Include="PersistentSettings.h">
      <Filter>Header Files</Filter>
    </ClInclude>
    <ClInclude Include="IPersistentLog.h">
      <Filter>Header Files</Filter>
    </ClInclude>
    <ClInclude Include="PersistentLogImpl_SD.h">
      <Filter>Header Files</Filter>
    </ClInclude>
    <ClInclude Include="PersistentLog.h">
      <Filter>Header Files</Filter>
    </ClInclude>
    <ClInclude Include="PersistentLogImpl_Serial.h">
      <Filter>Header Files</Filter>
    </ClInclude>
    <ClInclude Include="RTCImpl_Sync.h">
      <Filter>Header Files</Filter>
    </ClInclude>
    <ClInclude Include="SensorSharpIRDistance.h">
      <Filter>Header Files</Filter>
    </ClInclude>
    <ClInclude Include="SensorOperation.h">
      <Filter>Header Files</Filter>
    </ClInclude>
    <ClInclude Include="PacketSensorOperation.h">
      <Filter>Header Files</Filter>
    </ClInclude>
    <ClInclude Include="DischargeProtectionManager.h">
      <Filter>Header Files</Filter>
    </ClInclude>
    <ClInclude Include="IEventHandlerState.h">
      <Filter>Header Files</Filter>
    </ClInclude>
    <ClInclude Include="IEventHandler.h">
      <Filter>Header Files</Filter>
    </ClInclude>
    <ClInclude Include="ISensorManagerCallback.h">
      <Filter>Header Files</Filter>
    </ClInclude>
    <ClInclude Include="SensorMisc.h">
      <Filter>Header Files</Filter>
    </ClInclude>
    <ClInclude Include="EventHandlerConnectedStateChange.h">
      <Filter>Header Files</Filter>
    </ClInclude>
    <ClInclude Include="EventHandlerDisconnectedStateChange.h">
      <Filter>Header Files</Filter>
    </ClInclude>
    <ClInclude Include="EventHandlerFallbackReminder.h">
      <Filter>Header Files</Filter>
    </ClInclude>
    <ClInclude Include="EventHandlerExternalAlertTrigger.h">
      <Filter>Header Files</Filter>
    </ClInclude>
    <ClInclude Include="EventHandlerConnectedSensorStateChange.h">
      <Filter>Header Files</Filter>
    </ClInclude>
    <ClInclude Include="EventHandlerWriteToPersistentLog.h">
      <Filter>Header Files</Filter>
    </ClInclude>
  </ItemGroup>
  <ItemGroup>
    <ClCompile Include="Manager.cpp">
      <Filter>Source Files</Filter>
    </ClCompile>
    <ClCompile Include="DebugStream.cpp">
      <Filter>Source Files</Filter>
    </ClCompile>
    <ClCompile Include="ISensor.cpp">
      <Filter>Source Files</Filter>
    </ClCompile>
    <ClCompile Include="SensorFreeRAM.cpp">
      <Filter>Source Files</Filter>
    </ClCompile>
    <ClCompile Include="SensorVcc.cpp">
      <Filter>Source Files</Filter>
    </ClCompile>
    <ClCompile Include="SensorVoltage.cpp">
      <Filter>Source Files</Filter>
    </ClCompile>
    <ClCompile Include="SoundManager.cpp">
      <Filter>Source Files</Filter>
    </ClCompile>
    <ClCompile Include="SensorQtouch.cpp">
      <Filter>Source Files</Filter>
    </ClCompile>
    <ClCompile Include="IClient.cpp">
      <Filter>Source Files</Filter>
    </ClCompile>
    <ClCompile Include="PacketTime.cpp">
      <Filter>Source Files</Filter>
    </ClCompile>
    <ClCompile Include="GenericBLEModuleClient.cpp">
      <Filter>Source Files</Filter>
    </ClCompile>
    <ClCompile Include="IServer.cpp">
      <Filter>Source Files</Filter>
    </ClCompile>
    <ClCompile Include="IClientDevice.cpp">
      <Filter>Source Files</Filter>
    </ClCompile>
    <ClCompile Include="PacketHeader.cpp">
      <Filter>Source Files</Filter>
    </ClCompile>
    <ClCompile Include="PacketTechnicalData.cpp">
      <Filter>Source Files</Filter>
    </ClCompile>
    <ClCompile Include="PacketSensorData.cpp">
      <Filter>Source Files</Filter>
    </ClCompile>
    <ClCompile Include="SensorDigital.cpp">
      <Filter>Source Files</Filter>
    </ClCompile>
    <ClCompile Include="IRTC.cpp">
      <Filter>Source Files</Filter>
    </ClCompile>
    <ClCompile Include="RTCImpl_DS1307.cpp">
      <Filter>Source Files</Filter>
    </ClCompile>
    <ClCompile Include="ClientManager.cpp">
      <Filter>Source Files</Filter>
    </ClCompile>
    <ClCompile Include="SensorManager.cpp">
      <Filter>Source Files</Filter>
    </ClCompile>
    <ClCompile Include="PacketLogicalData.cpp">
      <Filter>Source Files</Filter>
    </ClCompile>
    <ClCompile Include="PacketCalibrationParams.cpp">
      <Filter>Source Files</Filter>
    </ClCompile>
    <ClCompile Include="PacketSeatOperation.cpp">
      <Filter>Source Files</Filter>
    </ClCompile>
    <ClCompile Include="SeatOperation.cpp">
      <Filter>Source Files</Filter>
    </ClCompile>
    <ClCompile Include="TechnicalManager.cpp">
      <Filter>Source Files</Filter>
    </ClCompile>
    <ClCompile Include="CalibratedSensor.cpp">
      <Filter>Source Files</Filter>
    </ClCompile>
    <ClCompile Include="CalibratedSensorTester.cpp">
      <Filter>Source Files</Filter>
    </ClCompile>
    <ClCompile Include="SensorMock.cpp">
      <Filter>Source Files</Filter>
    </ClCompile>
    <ClCompile Include="RNGUtils.cpp">
      <Filter>Source Files</Filter>
    </ClCompile>
    <ClCompile Include="PersistentSettings.cpp">
      <Filter>Source Files</Filter>
    </ClCompile>
    <ClCompile Include="IPersistentLog.cpp">
      <Filter>Source Files</Filter>
    </ClCompile>
    <ClCompile Include="PersistentLogImpl_SD.cpp">
      <Filter>Source Files</Filter>
    </ClCompile>
    <ClCompile Include="PersistentLog.cpp">
      <Filter>Source Files</Filter>
    </ClCompile>
    <ClCompile Include="PersistentLogImpl_Serial.cpp">
      <Filter>Source Files</Filter>
    </ClCompile>
    <ClCompile Include="RTCImpl_Sync.cpp">
      <Filter>Source Files</Filter>
    </ClCompile>
    <ClCompile Include="SensorSharpIRDistance.cpp">
      <Filter>Source Files</Filter>
    </ClCompile>
    <ClCompile Include="SensorOperation.cpp">
      <Filter>Source Files</Filter>
    </ClCompile>
    <ClCompile Include="PacketSensorOperation.cpp">
      <Filter>Source Files</Filter>
    </ClCompile>
    <ClCompile Include="DischargeProtectionManager.cpp">
      <Filter>Source Files</Filter>
    </ClCompile>
    <ClCompile Include="IEventHandlerState.cpp">
      <Filter>Source Files</Filter>
    </ClCompile>
    <ClCompile Include="IEventHandler.cpp">
      <Filter>Source Files</Filter>
    </ClCompile>
    <ClCompile Include="ISensorManagerCallback.cpp">
      <Filter>Source Files</Filter>
    </ClCompile>
    <ClCompile Include="SensorMisc.cpp">
      <Filter>Source Files</Filter>
    </ClCompile>
    <ClCompile Include="EventHandlerConnectedStateChange.cpp">
      <Filter>Source Files</Filter>
    </ClCompile>
    <ClCompile Include="EventHandlerDisconnectedStateChange.cpp">
      <Filter>Source Files</Filter>
    </ClCompile>
    <ClCompile Include="EventHandlerFallbackReminder.cpp">
      <Filter>Source Files</Filter>
    </ClCompile>
    <ClCompile Include="EventHandlerExternalAlertTrigger.cpp">
      <Filter>Source Files</Filter>
    </ClCompile>
    <ClCompile Include="EventHandlerConnectedSensorStateChange.cpp">
      <Filter>Source Files</Filter>
    </ClCompile>
    <ClCompile Include="EventHandlerWriteToPersistentLog.cpp">
      <Filter>Source Files</Filter>
    </ClCompile>
  </ItemGroup>
</Project>